
Microsoft Visual Studio Solution File, Format Version 11.00
# Visual Studio 2010
Project("{54435603-DBB4-11D2-8724-00A0C9A8B90C}") = "PrerequisitosGRomero", "PrerequisitosGRomero.vdproj", "{62A5EF39-D475-4D3B-8486-91C049C67300}"
EndProject
Global
	GlobalSection(SolutionConfigurationPlatforms) = preSolution
		Debug|Default = Debug|Default
		Release|Default = Release|Default
	EndGlobalSection
	GlobalSection(ProjectConfigurationPlatforms) = postSolution
		{62A5EF39-D475-4D3B-8486-91C049C67300}.Debug|Default.ActiveCfg = Debug
		{62A5EF39-D475-4D3B-8486-91C049C67300}.Debug|Default.Build.0 = Debug
		{62A5EF39-D475-4D3B-8486-91C049C67300}.Release|Default.ActiveCfg = Release
		{62A5EF39-D475-4D3B-8486-91C049C67300}.Release|Default.Build.0 = Release
	EndGlobalSection
	GlobalSection(SolutionProperties) = preSolution
		HideSolutionNode = FALSE
	EndGlobalSection
EndGlobal
